
Microsoft Visual Studio Solution File, Format Version 12.00
# Visual Studio Version 17
VisualStudioVersion = 17.1.32414.318
MinimumVisualStudioVersion = 10.0.40219.1
Project("{FAE04EC0-301F-11D3-BF4B-00C04F79EFBC}") = "discordbot1", "discordbot1\discordbot1.csproj", "{D7F3F6FE-B65A-4B31-9D2B-DD224EB00E1A}"
EndProject
Global
	GlobalSection(SolutionConfigurationPlatforms) = preSolution
		Debug|Any CPU = Debug|Any CPU
		Release|Any CPU = Release|Any CPU
	EndGlobalSection
	GlobalSection(ProjectConfigurationPlatforms) = postSolution
		{D7F3F6FE-B65A-4B31-9D2B-DD224EB00E1A}.Debug|Any CPU.ActiveCfg = Debug|Any CPU
		{D7F3F6FE-B65A-4B31-9D2B-DD224EB00E1A}.Debug|Any CPU.Build.0 = Debug|Any CPU
		{D7F3F6FE-B65A-4B31-9D2B-DD224EB00E1A}.Release|Any CPU.ActiveCfg = Release|Any CPU
		{D7F3F6FE-B65A-4B31-9D2B-DD224EB00E1A}.Release|Any CPU.Build.0 = Release|Any CPU
	EndGlobalSection
	GlobalSection(SolutionProperties) = preSolution
		HideSolutionNode = FALSE
	EndGlobalSection
	GlobalSection(ExtensibilityGlobals) = postSolution
		SolutionGuid = {B5DF3E30-823A-48A3-A0E4-E54E8196DC50}
	EndGlobalSection
EndGlobal
